{
  "name": "myrepo",
  "version": "1.0.0",
  "lockfileVersion": 3,
  "requires": true,
  "packages": {
    "": {
      "name": "myrepo",
      "version": "1.0.0",
      "workspaces": [
        "apps/*",
        "packages/*"
      ]
    },
    "apps/api": {
      "version": "1.0.0"
    },
    "apps/web": {
      "version": "1.0.0"
    },
    "node_modules/api": {
      "resolved": "apps/api",
      "link": true
    },
    "node_modules/engine": {
      "resolved": "packages/engine",
      "link": true
    },
    "node_modules/web": {
      "resolved": "apps/web",
      "link": true
    },
    "packages/engine": {
      "version": "1.0.0"
    }
  }
}
